
Microsoft Visual Studio Solution File, Format Version 12.00
# Visual Studio 15
VisualStudioVersion = 15.0.26430.12
MinimumVisualStudioVersion = 10.0.40219.1
Project("{FAE04EC0-301F-11D3-BF4B-00C04F79EFBC}") = "exercicio8", "exercicio8\exercicio8.csproj", "{9197C4F5-D36A-4647-A128-ADB50E242DAE}"
EndProject
Global
	GlobalSection(SolutionConfigurationPlatforms) = preSolution
		Debug|Any CPU = Debug|Any CPU
		Release|Any CPU = Release|Any CPU
	EndGlobalSection
	GlobalSection(ProjectConfigurationPlatforms) = postSolution
		{9197C4F5-D36A-4647-A128-ADB50E242DAE}.Debug|Any CPU.ActiveCfg = Debug|Any CPU
		{9197C4F5-D36A-4647-A128-ADB50E242DAE}.Debug|Any CPU.Build.0 = Debug|Any CPU
		{9197C4F5-D36A-4647-A128-ADB50E242DAE}.Release|Any CPU.ActiveCfg = Release|Any CPU
		{9197C4F5-D36A-4647-A128-ADB50E242DAE}.Release|Any CPU.Build.0 = Release|Any CPU
	EndGlobalSection
	GlobalSection(SolutionProperties) = preSolution
		HideSolutionNode = FALSE
	EndGlobalSection
EndGlobal
